
Microsoft Visual Studio Solution File, Format Version 12.00
# Visual Studio 15
VisualStudioVersion = 15.0.28307.438
MinimumVisualStudioVersion = 10.0.40219.1
Project("{8BC9CEB8-8B4A-11D0-8D11-00A0C91BC942}") = "01_QtTest", "Src\01_QtTest\01_QtTest.vcxproj", "{1F283DFC-2857-3339-BB16-D3AC7AF28631}"
EndProject
Project("{8BC9CEB8-8B4A-11D0-8D11-00A0C91BC942}") = "02_HelloQt", "Src\02_HelloQt\02_HelloQt.vcxproj", "{2F52930A-099B-3099-BC47-083A510D7906}"
EndProject
Project("{8BC9CEB8-8B4A-11D0-8D11-00A0C91BC942}") = "03_SignalAndSlot", "Src\03_SignalAndSlot\03_SignalAndSlot.vcxproj", "{BF179B80-D587-34CF-A0C2-2745F31CAAF7}"
EndProject
Project("{8BC9CEB8-8B4A-11D0-8D11-00A0C91BC942}") = "04_QT_Coordinate", "Src\04_QT_Coordinate\04_QT_Coordinate.vcxproj", "{70E4EA5B-DB22-320C-9C99-4AA01ECCF702}"
EndProject
Project("{8BC9CEB8-8B4A-11D0-8D11-00A0C91BC942}") = "05_QMainWindow", "Src\05_QMainWindow\05_QMainWindow.vcxproj", "{601C62B6-6F07-3F31-9721-63775AD832C7}"
EndProject
Project("{8BC9CEB8-8B4A-11D0-8D11-00A0C91BC942}") = "06_Dialog", "Src\06_Dialog\06_Dialog.vcxproj", "{1D45D51A-936C-45A7-968D-2119881E8772}"
EndProject
Project("{8BC9CEB8-8B4A-11D0-8D11-00A0C91BC942}") = "07_Parts", "Src\07_Parts\07_Parts.vcxproj", "{94211819-47FD-34A2-8CA3-8133B7D46582}"
EndProject
Project("{8BC9CEB8-8B4A-11D0-8D11-00A0C91BC942}") = "09_StyleSheet", "Src\09_StyleSheet\09_StyleSheet.vcxproj", "{9DFF96B5-E4E1-4ED3-88A0-80D5911EB7BB}"
EndProject
Project("{8BC9CEB8-8B4A-11D0-8D11-00A0C91BC942}") = "10_QEvent", "Src\10_QEvent\10_QEvent.vcxproj", "{B0741190-2F21-4FA9-8EAC-9182B67D9DC9}"
EndProject
Project("{8BC9CEB8-8B4A-11D0-8D11-00A0C91BC942}") = "11_PaintEvent", "Src\11_PaintEvent\11_PaintEvent.vcxproj", "{8FBE4678-3289-4094-8A36-5A904DB85988}"
EndProject
Project("{8BC9CEB8-8B4A-11D0-8D11-00A0C91BC942}") = "12_QBitmap", "Src\12_QBitmap\12_QBitmap.vcxproj", "{84A1B24E-9C0D-4241-BBDF-FB58DE897A1E}"
EndProject
Project("{8BC9CEB8-8B4A-11D0-8D11-00A0C91BC942}") = "13_QPixmap", "Src\13_QPixmap\13_QPixmap.vcxproj", "{3B5F4137-E4FC-4948-A3BA-D9A6D78CA267}"
EndProject
Project("{8BC9CEB8-8B4A-11D0-8D11-00A0C91BC942}") = "08_Layout", "Src\08_Layout\08_Layout.vcxproj", "{2436A8F6-C7DA-4BBD-A642-B35E4251F216}"
EndProject
Project("{8BC9CEB8-8B4A-11D0-8D11-00A0C91BC942}") = "14_41_QImage", "Src\14_41_QImage\14_41_QImage.vcxproj", "{5760682A-866B-4174-B53F-9F13FEF65C32}"
EndProject
Project("{8BC9CEB8-8B4A-11D0-8D11-00A0C91BC942}") = "15_42_QPicture", "Src\15_42_QPicture\15_42_QPicture.vcxproj", "{443D32A3-28AA-47A7-8D4D-1E135B3AE1A7}"
EndProject
Project("{8BC9CEB8-8B4A-11D0-8D11-00A0C91BC942}") = "16_44_Shape", "Src\16_44_Shape\16_44_Shape.vcxproj", "{BC8D43ED-5D76-4DF9-A270-B510D0B5B09A}"
EndProject
Project("{8BC9CEB8-8B4A-11D0-8D11-00A0C91BC942}") = "17_45_QFile", "Src\17_45_QFile\17_45_QFile.vcxproj", "{8AACA1F6-BDA9-41FC-8274-E27A437BC1E7}"
EndProject
Project("{8BC9CEB8-8B4A-11D0-8D11-00A0C91BC942}") = "18_48_QDataStream", "Src\18_48_QDataStream\18_48_QDataStream.vcxproj", "{B0BE7E3A-BD37-4129-9059-6723AE6C966B}"
EndProject
Project("{8BC9CEB8-8B4A-11D0-8D11-00A0C91BC942}") = "19_49_QTextStream", "Src\19_49_QTextStream\19_49_QTextStream.vcxproj", "{46EBF97F-4D03-475E-9FB9-EB9F05B7C9FA}"
EndProject
Project("{8BC9CEB8-8B4A-11D0-8D11-00A0C91BC942}") = "20_50_QBuffer", "Src\20_50_QBuffer\20_50_QBuffer.vcxproj", "{F7AEA216-DED0-466F-B8B0-339AEA98DEB4}"
EndProject
Project("{8BC9CEB8-8B4A-11D0-8D11-00A0C91BC942}") = "21_53_ChessDemo", "Src\21_53_ChessDemo\21_53_ChessDemo.vcxproj", "{F4FE74A9-5D06-3E2E-9004-7CB286D8E85C}"
EndProject
Project("{8BC9CEB8-8B4A-11D0-8D11-00A0C91BC942}") = "22_57_TCP", "Src\22_57_TCP\22_57_TCP.vcxproj", "{51FC366B-C871-419C-A7D3-0F7A5BDB1CDF}"
EndProject
Project("{8BC9CEB8-8B4A-11D0-8D11-00A0C91BC942}") = "23_59_TcpClient", "Src\23_59_TcpClient\23_59_TcpClient.vcxproj", "{3CCCCC9F-FD56-4BE8-AD57-084789146991}"
EndProject
Project("{8BC9CEB8-8B4A-11D0-8D11-00A0C91BC942}") = "24_62_Udp", "Src\24_62_Udp\24_62_Udp.vcxproj", "{2153C235-1505-4DE6-BC03-D1A27D71B6FB}"
EndProject
Project("{8BC9CEB8-8B4A-11D0-8D11-00A0C91BC942}") = "25_65_QTimer", "Src\25_65_QTimer\25_65_QTimer.vcxproj", "{E246D76B-9149-4DD4-8F1E-9BA8943201F6}"
EndProject
Project("{8BC9CEB8-8B4A-11D0-8D11-00A0C91BC942}") = "26_67_TcpFile", "Src\26_67_TcpFile\26_67_TcpFile.vcxproj", "{D43512B5-4153-4B51-AE28-AFFAF4F49888}"
EndProject
Project("{8BC9CEB8-8B4A-11D0-8D11-00A0C91BC942}") = "27_70_TcpClientFile", "Src\27_70_TcpClientFile\27_70_TcpClientFile.vcxproj", "{8B3A7BFA-C40A-4D7D-842D-9DD6CCB95066}"
EndProject
Project("{8BC9CEB8-8B4A-11D0-8D11-00A0C91BC942}") = "28_74_QThread", "Src\28_74_QThread\28_74_QThread.vcxproj", "{8DC4C55B-5B7E-44D7-A51A-6AA7769EBAE4}"
EndProject
Global
	GlobalSection(SolutionConfigurationPlatforms) = preSolution
		Debug|x64 = Debug|x64
		Release|x64 = Release|x64
	EndGlobalSection
	GlobalSection(ProjectConfigurationPlatforms) = postSolution
		{1F283DFC-2857-3339-BB16-D3AC7AF28631}.Debug|x64.ActiveCfg = Debug|x64
		{1F283DFC-2857-3339-BB16-D3AC7AF28631}.Debug|x64.Build.0 = Debug|x64
		{1F283DFC-2857-3339-BB16-D3AC7AF28631}.Release|x64.ActiveCfg = Release|x64
		{1F283DFC-2857-3339-BB16-D3AC7AF28631}.Release|x64.Build.0 = Release|x64
		{2F52930A-099B-3099-BC47-083A510D7906}.Debug|x64.ActiveCfg = Debug|x64
		{2F52930A-099B-3099-BC47-083A510D7906}.Debug|x64.Build.0 = Debug|x64
		{2F52930A-099B-3099-BC47-083A510D7906}.Release|x64.ActiveCfg = Release|x64
		{2F52930A-099B-3099-BC47-083A510D7906}.Release|x64.Build.0 = Release|x64
		{BF179B80-D587-34CF-A0C2-2745F31CAAF7}.Debug|x64.ActiveCfg = Debug|x64
		{BF179B80-D587-34CF-A0C2-2745F31CAAF7}.Debug|x64.Build.0 = Debug|x64
		{BF179B80-D587-34CF-A0C2-2745F31CAAF7}.Release|x64.ActiveCfg = Release|x64
		{BF179B80-D587-34CF-A0C2-2745F31CAAF7}.Release|x64.Build.0 = Release|x64
		{70E4EA5B-DB22-320C-9C99-4AA01ECCF702}.Debug|x64.ActiveCfg = Debug|x64
		{70E4EA5B-DB22-320C-9C99-4AA01ECCF702}.Debug|x64.Build.0 = Debug|x64
		{70E4EA5B-DB22-320C-9C99-4AA01ECCF702}.Release|x64.ActiveCfg = Release|x64
		{70E4EA5B-DB22-320C-9C99-4AA01ECCF702}.Release|x64.Build.0 = Release|x64
		{601C62B6-6F07-3F31-9721-63775AD832C7}.Debug|x64.ActiveCfg = Debug|x64
		{601C62B6-6F07-3F31-9721-63775AD832C7}.Debug|x64.Build.0 = Debug|x64
		{601C62B6-6F07-3F31-9721-63775AD832C7}.Release|x64.ActiveCfg = Release|x64
		{601C62B6-6F07-3F31-9721-63775AD832C7}.Release|x64.Build.0 = Release|x64
		{1D45D51A-936C-45A7-968D-2119881E8772}.Debug|x64.ActiveCfg = Debug|x64
		{1D45D51A-936C-45A7-968D-2119881E8772}.Debug|x64.Build.0 = Debug|x64
		{1D45D51A-936C-45A7-968D-2119881E8772}.Release|x64.ActiveCfg = Debug|x64
		{1D45D51A-936C-45A7-968D-2119881E8772}.Release|x64.Build.0 = Debug|x64
		{94211819-47FD-34A2-8CA3-8133B7D46582}.Debug|x64.ActiveCfg = Debug|x64
		{94211819-47FD-34A2-8CA3-8133B7D46582}.Debug|x64.Build.0 = Debug|x64
		{94211819-47FD-34A2-8CA3-8133B7D46582}.Release|x64.ActiveCfg = Release|x64
		{94211819-47FD-34A2-8CA3-8133B7D46582}.Release|x64.Build.0 = Release|x64
		{9DFF96B5-E4E1-4ED3-88A0-80D5911EB7BB}.Debug|x64.ActiveCfg = Debug|x64
		{9DFF96B5-E4E1-4ED3-88A0-80D5911EB7BB}.Debug|x64.Build.0 = Debug|x64
		{9DFF96B5-E4E1-4ED3-88A0-80D5911EB7BB}.Release|x64.ActiveCfg = Release|x64
		{9DFF96B5-E4E1-4ED3-88A0-80D5911EB7BB}.Release|x64.Build.0 = Release|x64
		{B0741190-2F21-4FA9-8EAC-9182B67D9DC9}.Debug|x64.ActiveCfg = Debug|x64
		{B0741190-2F21-4FA9-8EAC-9182B67D9DC9}.Debug|x64.Build.0 = Debug|x64
		{B0741190-2F21-4FA9-8EAC-9182B67D9DC9}.Release|x64.ActiveCfg = Release|x64
		{B0741190-2F21-4FA9-8EAC-9182B67D9DC9}.Release|x64.Build.0 = Release|x64
		{8FBE4678-3289-4094-8A36-5A904DB85988}.Debug|x64.ActiveCfg = Debug|x64
		{8FBE4678-3289-4094-8A36-5A904DB85988}.Debug|x64.Build.0 = Debug|x64
		{8FBE4678-3289-4094-8A36-5A904DB85988}.Release|x64.ActiveCfg = Release|x64
		{8FBE4678-3289-4094-8A36-5A904DB85988}.Release|x64.Build.0 = Release|x64
		{84A1B24E-9C0D-4241-BBDF-FB58DE897A1E}.Debug|x64.ActiveCfg = Debug|x64
		{84A1B24E-9C0D-4241-BBDF-FB58DE897A1E}.Debug|x64.Build.0 = Debug|x64
		{84A1B24E-9C0D-4241-BBDF-FB58DE897A1E}.Release|x64.ActiveCfg = Release|x64
		{84A1B24E-9C0D-4241-BBDF-FB58DE897A1E}.Release|x64.Build.0 = Release|x64
		{3B5F4137-E4FC-4948-A3BA-D9A6D78CA267}.Debug|x64.ActiveCfg = Debug|x64
		{3B5F4137-E4FC-4948-A3BA-D9A6D78CA267}.Debug|x64.Build.0 = Debug|x64
		{3B5F4137-E4FC-4948-A3BA-D9A6D78CA267}.Release|x64.ActiveCfg = Release|x64
		{3B5F4137-E4FC-4948-A3BA-D9A6D78CA267}.Release|x64.Build.0 = Release|x64
		{2436A8F6-C7DA-4BBD-A642-B35E4251F216}.Debug|x64.ActiveCfg = Debug|x64
		{2436A8F6-C7DA-4BBD-A642-B35E4251F216}.Debug|x64.Build.0 = Debug|x64
		{2436A8F6-C7DA-4BBD-A642-B35E4251F216}.Release|x64.ActiveCfg = Release|x64
		{2436A8F6-C7DA-4BBD-A642-B35E4251F216}.Release|x64.Build.0 = Release|x64
		{5760682A-866B-4174-B53F-9F13FEF65C32}.Debug|x64.ActiveCfg = Debug|x64
		{5760682A-866B-4174-B53F-9F13FEF65C32}.Debug|x64.Build.0 = Debug|x64
		{5760682A-866B-4174-B53F-9F13FEF65C32}.Release|x64.ActiveCfg = Release|x64
		{5760682A-866B-4174-B53F-9F13FEF65C32}.Release|x64.Build.0 = Release|x64
		{443D32A3-28AA-47A7-8D4D-1E135B3AE1A7}.Debug|x64.ActiveCfg = Debug|x64
		{443D32A3-28AA-47A7-8D4D-1E135B3AE1A7}.Debug|x64.Build.0 = Debug|x64
		{443D32A3-28AA-47A7-8D4D-1E135B3AE1A7}.Release|x64.ActiveCfg = Release|x64
		{443D32A3-28AA-47A7-8D4D-1E135B3AE1A7}.Release|x64.Build.0 = Release|x64
		{BC8D43ED-5D76-4DF9-A270-B510D0B5B09A}.Debug|x64.ActiveCfg = Debug|x64
		{BC8D43ED-5D76-4DF9-A270-B510D0B5B09A}.Debug|x64.Build.0 = Debug|x64
		{BC8D43ED-5D76-4DF9-A270-B510D0B5B09A}.Release|x64.ActiveCfg = Release|x64
		{BC8D43ED-5D76-4DF9-A270-B510D0B5B09A}.Release|x64.Build.0 = Release|x64
		{8AACA1F6-BDA9-41FC-8274-E27A437BC1E7}.Debug|x64.ActiveCfg = Debug|x64
		{8AACA1F6-BDA9-41FC-8274-E27A437BC1E7}.Debug|x64.Build.0 = Debug|x64
		{8AACA1F6-BDA9-41FC-8274-E27A437BC1E7}.Release|x64.ActiveCfg = Release|x64
		{8AACA1F6-BDA9-41FC-8274-E27A437BC1E7}.Release|x64.Build.0 = Release|x64
		{B0BE7E3A-BD37-4129-9059-6723AE6C966B}.Debug|x64.ActiveCfg = Debug|x64
		{B0BE7E3A-BD37-4129-9059-6723AE6C966B}.Debug|x64.Build.0 = Debug|x64
		{B0BE7E3A-BD37-4129-9059-6723AE6C966B}.Release|x64.ActiveCfg = Release|x64
		{B0BE7E3A-BD37-4129-9059-6723AE6C966B}.Release|x64.Build.0 = Release|x64
		{46EBF97F-4D03-475E-9FB9-EB9F05B7C9FA}.Debug|x64.ActiveCfg = Debug|x64
		{46EBF97F-4D03-475E-9FB9-EB9F05B7C9FA}.Debug|x64.Build.0 = Debug|x64
		{46EBF97F-4D03-475E-9FB9-EB9F05B7C9FA}.Release|x64.ActiveCfg = Release|x64
		{46EBF97F-4D03-475E-9FB9-EB9F05B7C9FA}.Release|x64.Build.0 = Release|x64
		{F7AEA216-DED0-466F-B8B0-339AEA98DEB4}.Debug|x64.ActiveCfg = Debug|x64
		{F7AEA216-DED0-466F-B8B0-339AEA98DEB4}.Debug|x64.Build.0 = Debug|x64
		{F7AEA216-DED0-466F-B8B0-339AEA98DEB4}.Release|x64.ActiveCfg = Release|x64
		{F7AEA216-DED0-466F-B8B0-339AEA98DEB4}.Release|x64.Build.0 = Release|x64
		{F4FE74A9-5D06-3E2E-9004-7CB286D8E85C}.Debug|x64.ActiveCfg = Debug|x64
		{F4FE74A9-5D06-3E2E-9004-7CB286D8E85C}.Debug|x64.Build.0 = Debug|x64
		{F4FE74A9-5D06-3E2E-9004-7CB286D8E85C}.Release|x64.ActiveCfg = Release|x64
		{F4FE74A9-5D06-3E2E-9004-7CB286D8E85C}.Release|x64.Build.0 = Release|x64
		{51FC366B-C871-419C-A7D3-0F7A5BDB1CDF}.Debug|x64.ActiveCfg = Debug|x64
		{51FC366B-C871-419C-A7D3-0F7A5BDB1CDF}.Debug|x64.Build.0 = Debug|x64
		{51FC366B-C871-419C-A7D3-0F7A5BDB1CDF}.Release|x64.ActiveCfg = Release|x64
		{51FC366B-C871-419C-A7D3-0F7A5BDB1CDF}.Release|x64.Build.0 = Release|x64
		{3CCCCC9F-FD56-4BE8-AD57-084789146991}.Debug|x64.ActiveCfg = Debug|x64
		{3CCCCC9F-FD56-4BE8-AD57-084789146991}.Debug|x64.Build.0 = Debug|x64
		{3CCCCC9F-FD56-4BE8-AD57-084789146991}.Release|x64.ActiveCfg = Release|x64
		{3CCCCC9F-FD56-4BE8-AD57-084789146991}.Release|x64.Build.0 = Release|x64
		{2153C235-1505-4DE6-BC03-D1A27D71B6FB}.Debug|x64.ActiveCfg = Debug|x64
		{2153C235-1505-4DE6-BC03-D1A27D71B6FB}.Debug|x64.Build.0 = Debug|x64
		{2153C235-1505-4DE6-BC03-D1A27D71B6FB}.Release|x64.ActiveCfg = Release|x64
		{2153C235-1505-4DE6-BC03-D1A27D71B6FB}.Release|x64.Build.0 = Release|x64
		{E246D76B-9149-4DD4-8F1E-9BA8943201F6}.Debug|x64.ActiveCfg = Debug|x64
		{E246D76B-9149-4DD4-8F1E-9BA8943201F6}.Debug|x64.Build.0 = Debug|x64
		{E246D76B-9149-4DD4-8F1E-9BA8943201F6}.Release|x64.ActiveCfg = Release|x64
		{E246D76B-9149-4DD4-8F1E-9BA8943201F6}.Release|x64.Build.0 = Release|x64
		{D43512B5-4153-4B51-AE28-AFFAF4F49888}.Debug|x64.ActiveCfg = Debug|x64
		{D43512B5-4153-4B51-AE28-AFFAF4F49888}.Debug|x64.Build.0 = Debug|x64
		{D43512B5-4153-4B51-AE28-AFFAF4F49888}.Release|x64.ActiveCfg = Release|x64
		{D43512B5-4153-4B51-AE28-AFFAF4F49888}.Release|x64.Build.0 = Release|x64
		{8B3A7BFA-C40A-4D7D-842D-9DD6CCB95066}.Debug|x64.ActiveCfg = Debug|x64
		{8B3A7BFA-C40A-4D7D-842D-9DD6CCB95066}.Debug|x64.Build.0 = Debug|x64
		{8B3A7BFA-C40A-4D7D-842D-9DD6CCB95066}.Release|x64.ActiveCfg = Release|x64
		{8B3A7BFA-C40A-4D7D-842D-9DD6CCB95066}.Release|x64.Build.0 = Release|x64
		{8DC4C55B-5B7E-44D7-A51A-6AA7769EBAE4}.Debug|x64.ActiveCfg = Debug|x64
		{8DC4C55B-5B7E-44D7-A51A-6AA7769EBAE4}.Debug|x64.Build.0 = Debug|x64
		{8DC4C55B-5B7E-44D7-A51A-6AA7769EBAE4}.Release|x64.ActiveCfg = Release|x64
		{8DC4C55B-5B7E-44D7-A51A-6AA7769EBAE4}.Release|x64.Build.0 = Release|x64
	EndGlobalSection
	GlobalSection(SolutionProperties) = preSolution
		HideSolutionNode = FALSE
	EndGlobalSection
	GlobalSection(ExtensibilityGlobals) = postSolution
		SolutionGuid = {AA5FA0E6-387D-4340-B045-25AEEE5687DD}
	EndGlobalSection
EndGlobal
