
Microsoft Visual Studio Solution File, Format Version 12.00
# Visual Studio 15
VisualStudioVersion = 15.0.28307.438
MinimumVisualStudioVersion = 10.0.40219.1
Project("{8BC9CEB8-8B4A-11D0-8D11-00A0C91BC942}") = "01_QtTest", "Src\01_QtTest\01_QtTest.vcxproj", "{1F283DFC-2857-3339-BB16-D3AC7AF28631}"
EndProject
Project("{8BC9CEB8-8B4A-11D0-8D11-00A0C91BC942}") = "02_HelloQt", "Src\02_HelloQt\02_HelloQt.vcxproj", "{2F52930A-099B-3099-BC47-083A510D7906}"
EndProject
Project("{8BC9CEB8-8B4A-11D0-8D11-00A0C91BC942}") = "03_SignalAndSlot", "Src\03_SignalAndSlot\03_SignalAndSlot.vcxproj", "{BF179B80-D587-34CF-A0C2-2745F31CAAF7}"
EndProject
Project("{8BC9CEB8-8B4A-11D0-8D11-00A0C91BC942}") = "04_QT_Coordinate", "Src\04_QT_Coordinate\04_QT_Coordinate.vcxproj", "{70E4EA5B-DB22-320C-9C99-4AA01ECCF702}"
EndProject
Project("{8BC9CEB8-8B4A-11D0-8D11-00A0C91BC942}") = "05_QMainWindow", "Src\05_QMainWindow\05_QMainWindow.vcxproj", "{601C62B6-6F07-3F31-9721-63775AD832C7}"
EndProject
Project("{8BC9CEB8-8B4A-11D0-8D11-00A0C91BC942}") = "06_Dialog", "Src\06_Dialog\06_Dialog.vcxproj", "{1D45D51A-936C-45A7-968D-2119881E8772}"
EndProject
Project("{8BC9CEB8-8B4A-11D0-8D11-00A0C91BC942}") = "07_Parts", "Src\07_Parts\07_Parts.vcxproj", "{94211819-47FD-34A2-8CA3-8133B7D46582}"
EndProject
Project("{8BC9CEB8-8B4A-11D0-8D11-00A0C91BC942}") = "08_Layout", "Src\08_Layout\08_Layout.vcxproj", "{01FD6929-66CF-4E10-8DE3-E594AE90AD59}"
EndProject
Project("{8BC9CEB8-8B4A-11D0-8D11-00A0C91BC942}") = "09_StyleSheet", "Src\09_StyleSheet\09_StyleSheet.vcxproj", "{9DFF96B5-E4E1-4ED3-88A0-80D5911EB7BB}"
EndProject
Project("{8BC9CEB8-8B4A-11D0-8D11-00A0C91BC942}") = "10_QEvent", "Src\10_QEvent\10_QEvent.vcxproj", "{B0741190-2F21-4FA9-8EAC-9182B67D9DC9}"
EndProject
Project("{8BC9CEB8-8B4A-11D0-8D11-00A0C91BC942}") = "11_PaintEvent", "Src\11_PaintEvent\11_PaintEvent.vcxproj", "{8FBE4678-3289-4094-8A36-5A904DB85988}"
EndProject
Global
	GlobalSection(SolutionConfigurationPlatforms) = preSolution
		Debug|Win32 = Debug|Win32
		Debug|x64 = Debug|x64
		Debug|x86 = Debug|x86
		Release|Win32 = Release|Win32
		Release|x64 = Release|x64
		Release|x86 = Release|x86
	EndGlobalSection
	GlobalSection(ProjectConfigurationPlatforms) = postSolution
		{1F283DFC-2857-3339-BB16-D3AC7AF28631}.Debug|Win32.ActiveCfg = Debug|Win32
		{1F283DFC-2857-3339-BB16-D3AC7AF28631}.Debug|Win32.Build.0 = Debug|Win32
		{1F283DFC-2857-3339-BB16-D3AC7AF28631}.Debug|x64.ActiveCfg = Debug|x64
		{1F283DFC-2857-3339-BB16-D3AC7AF28631}.Debug|x64.Build.0 = Debug|x64
		{1F283DFC-2857-3339-BB16-D3AC7AF28631}.Debug|x86.ActiveCfg = Debug|Win32
		{1F283DFC-2857-3339-BB16-D3AC7AF28631}.Debug|x86.Build.0 = Debug|Win32
		{1F283DFC-2857-3339-BB16-D3AC7AF28631}.Release|Win32.ActiveCfg = Release|Win32
		{1F283DFC-2857-3339-BB16-D3AC7AF28631}.Release|Win32.Build.0 = Release|Win32
		{1F283DFC-2857-3339-BB16-D3AC7AF28631}.Release|x64.ActiveCfg = Release|x64
		{1F283DFC-2857-3339-BB16-D3AC7AF28631}.Release|x64.Build.0 = Release|x64
		{1F283DFC-2857-3339-BB16-D3AC7AF28631}.Release|x86.ActiveCfg = Release|Win32
		{1F283DFC-2857-3339-BB16-D3AC7AF28631}.Release|x86.Build.0 = Release|Win32
		{2F52930A-099B-3099-BC47-083A510D7906}.Debug|Win32.ActiveCfg = Debug|Win32
		{2F52930A-099B-3099-BC47-083A510D7906}.Debug|Win32.Build.0 = Debug|Win32
		{2F52930A-099B-3099-BC47-083A510D7906}.Debug|x64.ActiveCfg = Debug|x64
		{2F52930A-099B-3099-BC47-083A510D7906}.Debug|x64.Build.0 = Debug|x64
		{2F52930A-099B-3099-BC47-083A510D7906}.Debug|x86.ActiveCfg = Debug|Win32
		{2F52930A-099B-3099-BC47-083A510D7906}.Debug|x86.Build.0 = Debug|Win32
		{2F52930A-099B-3099-BC47-083A510D7906}.Release|Win32.ActiveCfg = Release|Win32
		{2F52930A-099B-3099-BC47-083A510D7906}.Release|Win32.Build.0 = Release|Win32
		{2F52930A-099B-3099-BC47-083A510D7906}.Release|x64.ActiveCfg = Release|x64
		{2F52930A-099B-3099-BC47-083A510D7906}.Release|x64.Build.0 = Release|x64
		{2F52930A-099B-3099-BC47-083A510D7906}.Release|x86.ActiveCfg = Release|Win32
		{2F52930A-099B-3099-BC47-083A510D7906}.Release|x86.Build.0 = Release|Win32
		{BF179B80-D587-34CF-A0C2-2745F31CAAF7}.Debug|Win32.ActiveCfg = Debug|Win32
		{BF179B80-D587-34CF-A0C2-2745F31CAAF7}.Debug|Win32.Build.0 = Debug|Win32
		{BF179B80-D587-34CF-A0C2-2745F31CAAF7}.Debug|x64.ActiveCfg = Debug|x64
		{BF179B80-D587-34CF-A0C2-2745F31CAAF7}.Debug|x64.Build.0 = Debug|x64
		{BF179B80-D587-34CF-A0C2-2745F31CAAF7}.Debug|x86.ActiveCfg = Debug|Win32
		{BF179B80-D587-34CF-A0C2-2745F31CAAF7}.Debug|x86.Build.0 = Debug|Win32
		{BF179B80-D587-34CF-A0C2-2745F31CAAF7}.Release|Win32.ActiveCfg = Release|Win32
		{BF179B80-D587-34CF-A0C2-2745F31CAAF7}.Release|Win32.Build.0 = Release|Win32
		{BF179B80-D587-34CF-A0C2-2745F31CAAF7}.Release|x64.ActiveCfg = Release|x64
		{BF179B80-D587-34CF-A0C2-2745F31CAAF7}.Release|x64.Build.0 = Release|x64
		{BF179B80-D587-34CF-A0C2-2745F31CAAF7}.Release|x86.ActiveCfg = Release|Win32
		{BF179B80-D587-34CF-A0C2-2745F31CAAF7}.Release|x86.Build.0 = Release|Win32
		{70E4EA5B-DB22-320C-9C99-4AA01ECCF702}.Debug|Win32.ActiveCfg = Debug|Win32
		{70E4EA5B-DB22-320C-9C99-4AA01ECCF702}.Debug|Win32.Build.0 = Debug|Win32
		{70E4EA5B-DB22-320C-9C99-4AA01ECCF702}.Debug|x64.ActiveCfg = Debug|x64
		{70E4EA5B-DB22-320C-9C99-4AA01ECCF702}.Debug|x64.Build.0 = Debug|x64
		{70E4EA5B-DB22-320C-9C99-4AA01ECCF702}.Debug|x86.ActiveCfg = Debug|Win32
		{70E4EA5B-DB22-320C-9C99-4AA01ECCF702}.Debug|x86.Build.0 = Debug|Win32
		{70E4EA5B-DB22-320C-9C99-4AA01ECCF702}.Release|Win32.ActiveCfg = Release|Win32
		{70E4EA5B-DB22-320C-9C99-4AA01ECCF702}.Release|Win32.Build.0 = Release|Win32
		{70E4EA5B-DB22-320C-9C99-4AA01ECCF702}.Release|x64.ActiveCfg = Release|x64
		{70E4EA5B-DB22-320C-9C99-4AA01ECCF702}.Release|x64.Build.0 = Release|x64
		{70E4EA5B-DB22-320C-9C99-4AA01ECCF702}.Release|x86.ActiveCfg = Release|Win32
		{70E4EA5B-DB22-320C-9C99-4AA01ECCF702}.Release|x86.Build.0 = Release|Win32
		{601C62B6-6F07-3F31-9721-63775AD832C7}.Debug|Win32.ActiveCfg = Debug|Win32
		{601C62B6-6F07-3F31-9721-63775AD832C7}.Debug|Win32.Build.0 = Debug|Win32
		{601C62B6-6F07-3F31-9721-63775AD832C7}.Debug|x64.ActiveCfg = Debug|x64
		{601C62B6-6F07-3F31-9721-63775AD832C7}.Debug|x64.Build.0 = Debug|x64
		{601C62B6-6F07-3F31-9721-63775AD832C7}.Debug|x86.ActiveCfg = Debug|Win32
		{601C62B6-6F07-3F31-9721-63775AD832C7}.Debug|x86.Build.0 = Debug|Win32
		{601C62B6-6F07-3F31-9721-63775AD832C7}.Release|Win32.ActiveCfg = Release|Win32
		{601C62B6-6F07-3F31-9721-63775AD832C7}.Release|Win32.Build.0 = Release|Win32
		{601C62B6-6F07-3F31-9721-63775AD832C7}.Release|x64.ActiveCfg = Release|x64
		{601C62B6-6F07-3F31-9721-63775AD832C7}.Release|x64.Build.0 = Release|x64
		{601C62B6-6F07-3F31-9721-63775AD832C7}.Release|x86.ActiveCfg = Release|Win32
		{601C62B6-6F07-3F31-9721-63775AD832C7}.Release|x86.Build.0 = Release|Win32
		{1D45D51A-936C-45A7-968D-2119881E8772}.Debug|Win32.ActiveCfg = Debug|Win32
		{1D45D51A-936C-45A7-968D-2119881E8772}.Debug|Win32.Build.0 = Debug|Win32
		{1D45D51A-936C-45A7-968D-2119881E8772}.Debug|x64.ActiveCfg = Debug|x64
		{1D45D51A-936C-45A7-968D-2119881E8772}.Debug|x64.Build.0 = Debug|x64
		{1D45D51A-936C-45A7-968D-2119881E8772}.Debug|x86.ActiveCfg = Debug|Win32
		{1D45D51A-936C-45A7-968D-2119881E8772}.Debug|x86.Build.0 = Debug|Win32
		{1D45D51A-936C-45A7-968D-2119881E8772}.Release|Win32.ActiveCfg = Debug|Win32
		{1D45D51A-936C-45A7-968D-2119881E8772}.Release|Win32.Build.0 = Debug|Win32
		{1D45D51A-936C-45A7-968D-2119881E8772}.Release|x64.ActiveCfg = Debug|x64
		{1D45D51A-936C-45A7-968D-2119881E8772}.Release|x64.Build.0 = Debug|x64
		{1D45D51A-936C-45A7-968D-2119881E8772}.Release|x86.ActiveCfg = Debug|Win32
		{1D45D51A-936C-45A7-968D-2119881E8772}.Release|x86.Build.0 = Debug|Win32
		{94211819-47FD-34A2-8CA3-8133B7D46582}.Debug|Win32.ActiveCfg = Debug|Win32
		{94211819-47FD-34A2-8CA3-8133B7D46582}.Debug|Win32.Build.0 = Debug|Win32
		{94211819-47FD-34A2-8CA3-8133B7D46582}.Debug|x64.ActiveCfg = Debug|x64
		{94211819-47FD-34A2-8CA3-8133B7D46582}.Debug|x64.Build.0 = Debug|x64
		{94211819-47FD-34A2-8CA3-8133B7D46582}.Debug|x86.ActiveCfg = Debug|x64
		{94211819-47FD-34A2-8CA3-8133B7D46582}.Debug|x86.Build.0 = Debug|x64
		{94211819-47FD-34A2-8CA3-8133B7D46582}.Release|Win32.ActiveCfg = Release|Win32
		{94211819-47FD-34A2-8CA3-8133B7D46582}.Release|Win32.Build.0 = Release|Win32
		{94211819-47FD-34A2-8CA3-8133B7D46582}.Release|x64.ActiveCfg = Release|x64
		{94211819-47FD-34A2-8CA3-8133B7D46582}.Release|x64.Build.0 = Release|x64
		{94211819-47FD-34A2-8CA3-8133B7D46582}.Release|x86.ActiveCfg = Release|Win32
		{94211819-47FD-34A2-8CA3-8133B7D46582}.Release|x86.Build.0 = Release|Win32
		{01FD6929-66CF-4E10-8DE3-E594AE90AD59}.Debug|Win32.ActiveCfg = Debug|x64
		{01FD6929-66CF-4E10-8DE3-E594AE90AD59}.Debug|x64.ActiveCfg = Debug|x64
		{01FD6929-66CF-4E10-8DE3-E594AE90AD59}.Debug|x64.Build.0 = Debug|x64
		{01FD6929-66CF-4E10-8DE3-E594AE90AD59}.Debug|x86.ActiveCfg = Debug|x64
		{01FD6929-66CF-4E10-8DE3-E594AE90AD59}.Release|Win32.ActiveCfg = Release|x64
		{01FD6929-66CF-4E10-8DE3-E594AE90AD59}.Release|x64.ActiveCfg = Release|x64
		{01FD6929-66CF-4E10-8DE3-E594AE90AD59}.Release|x64.Build.0 = Release|x64
		{01FD6929-66CF-4E10-8DE3-E594AE90AD59}.Release|x86.ActiveCfg = Release|x64
		{9DFF96B5-E4E1-4ED3-88A0-80D5911EB7BB}.Debug|Win32.ActiveCfg = Debug|x64
		{9DFF96B5-E4E1-4ED3-88A0-80D5911EB7BB}.Debug|x64.ActiveCfg = Debug|x64
		{9DFF96B5-E4E1-4ED3-88A0-80D5911EB7BB}.Debug|x64.Build.0 = Debug|x64
		{9DFF96B5-E4E1-4ED3-88A0-80D5911EB7BB}.Debug|x86.ActiveCfg = Debug|x64
		{9DFF96B5-E4E1-4ED3-88A0-80D5911EB7BB}.Release|Win32.ActiveCfg = Release|x64
		{9DFF96B5-E4E1-4ED3-88A0-80D5911EB7BB}.Release|x64.ActiveCfg = Release|x64
		{9DFF96B5-E4E1-4ED3-88A0-80D5911EB7BB}.Release|x64.Build.0 = Release|x64
		{9DFF96B5-E4E1-4ED3-88A0-80D5911EB7BB}.Release|x86.ActiveCfg = Release|x64
		{B0741190-2F21-4FA9-8EAC-9182B67D9DC9}.Debug|Win32.ActiveCfg = Debug|x64
		{B0741190-2F21-4FA9-8EAC-9182B67D9DC9}.Debug|x64.ActiveCfg = Debug|x64
		{B0741190-2F21-4FA9-8EAC-9182B67D9DC9}.Debug|x64.Build.0 = Debug|x64
		{B0741190-2F21-4FA9-8EAC-9182B67D9DC9}.Debug|x86.ActiveCfg = Debug|x64
		{B0741190-2F21-4FA9-8EAC-9182B67D9DC9}.Release|Win32.ActiveCfg = Release|x64
		{B0741190-2F21-4FA9-8EAC-9182B67D9DC9}.Release|x64.ActiveCfg = Release|x64
		{B0741190-2F21-4FA9-8EAC-9182B67D9DC9}.Release|x64.Build.0 = Release|x64
		{B0741190-2F21-4FA9-8EAC-9182B67D9DC9}.Release|x86.ActiveCfg = Release|x64
		{8FBE4678-3289-4094-8A36-5A904DB85988}.Debug|Win32.ActiveCfg = Debug|x64
		{8FBE4678-3289-4094-8A36-5A904DB85988}.Debug|x64.ActiveCfg = Debug|x64
		{8FBE4678-3289-4094-8A36-5A904DB85988}.Debug|x64.Build.0 = Debug|x64
		{8FBE4678-3289-4094-8A36-5A904DB85988}.Debug|x86.ActiveCfg = Debug|x64
		{8FBE4678-3289-4094-8A36-5A904DB85988}.Release|Win32.ActiveCfg = Release|x64
		{8FBE4678-3289-4094-8A36-5A904DB85988}.Release|x64.ActiveCfg = Release|x64
		{8FBE4678-3289-4094-8A36-5A904DB85988}.Release|x64.Build.0 = Release|x64
		{8FBE4678-3289-4094-8A36-5A904DB85988}.Release|x86.ActiveCfg = Release|x64
	EndGlobalSection
	GlobalSection(SolutionProperties) = preSolution
		HideSolutionNode = FALSE
	EndGlobalSection
	GlobalSection(ExtensibilityGlobals) = postSolution
		SolutionGuid = {AA5FA0E6-387D-4340-B045-25AEEE5687DD}
	EndGlobalSection
EndGlobal
